{
  "nodes": {
    "aapis": {
      "flake": false,
      "locked": {
        "lastModified": 1703227836,
        "narHash": "sha256-i4WuAS69M/8HFdVY5aVwe3CYbCj5rdS1gHa9MMdfJN4=",
        "owner": "goromal",
        "repo": "aapis",
        "rev": "23ab83cfa44ada14427fe5860339e1af9e263c82",
        "type": "github"
      },
      "original": {
        "owner": "goromal",
        "repo": "aapis",
        "type": "github"
      }
    },
    "anixdata": {
      "flake": false,
      "locked": {
        "lastModified": 1702534595,
        "narHash": "sha256-a+7M/hMxVIrNqBP943hEbaGC5VG0Dggr1OWJ8q/urJ8=",
        "owner": "goromal",
        "repo": "anixdata",
        "rev": "b2bfeee5c1e41af4cc4012bb2345fe076e8723e4",
        "type": "github"
      },
      "original": {
        "owner": "goromal",
        "repo": "anixdata",
        "type": "github"
      }
    },
    "book-notes-sync": {
      "flake": false,
      "locked": {
        "lastModified": 1703143407,
        "narHash": "sha256-fpsBIbv/uivkhfSoftPX+AZDZC7UCLHjEToyqPqKEZE=",
        "owner": "goromal",
        "repo": "book-notes-sync",
        "rev": "a53363ed084136c0c6bca548699185966fac5ad7",
        "type": "github"
      },
      "original": {
        "owner": "goromal",
        "repo": "book-notes-sync",
        "type": "github"
      }
    },
    "ceres-factors": {
      "flake": false,
      "locked": {
        "lastModified": 1700917591,
        "narHash": "sha256-TQk8i34V8Eu+cTj42Id2PclOmPHzBl3wBDwKr6Yy/M0=",
        "owner": "goromal",
        "repo": "ceres-factors",
        "rev": "6ebf9d59edb2319fb786f7b2a1e62ff21ca4ff20",
        "type": "github"
      },
      "original": {
        "owner": "goromal",
        "repo": "ceres-factors",
        "type": "github"
      }
    },
    "crowcpp": {
      "flake": false,
      "locked": {
        "lastModified": 1681531350,
        "narHash": "sha256-IRlrNDLbYAOT4WlnX68FB4FBHKS1FC1uUTeVfIpfZDM=",
        "owner": "goromal",
        "repo": "Crow",
        "rev": "8405788649538e5a45c791af5db5df5e171a8844",
        "type": "github"
      },
      "original": {
        "owner": "goromal",
        "repo": "Crow",
        "type": "github"
      }
    },
    "easy-google-auth": {
      "flake": false,
      "locked": {
        "lastModified": 1703814036,
        "narHash": "sha256-VlNioSSVR1WZNjHpwp+CYfGY37Zc6maLYngbffVbrrE=",
        "owner": "goromal",
        "repo": "easy-google-auth",
        "rev": "1234e0fc45242e8192761925cdaaba3454c4282c",
        "type": "github"
      },
      "original": {
        "owner": "goromal",
        "repo": "easy-google-auth",
        "type": "github"
      }
    },
    "evil-hangman": {
      "flake": false,
      "locked": {
        "lastModified": 1683693382,
        "narHash": "sha256-uu1Fuvfh1Gq9Hl9MnG4Zy8V4Ad94FQACI/QAI5/S1FQ=",
        "owner": "goromal",
        "repo": "evil-hangman",
        "rev": "fbd190eec9b5f0b28d316e2db4eabb4e35347dfd",
        "type": "github"
      },
      "original": {
        "owner": "goromal",
        "repo": "evil-hangman",
        "type": "github"
      }
    },
    "find_rotational_conventions": {
      "flake": false,
      "locked": {
        "lastModified": 1671856051,
        "narHash": "sha256-05G17dnw93IejeHfvxM5F99f5Gc50fhTwl8MmDbvUv8=",
        "ref": "refs/heads/main",
        "rev": "f783b777f1c6dcea21a7a1d30519be2f56a810c3",
        "revCount": 1,
        "type": "git",
        "url": "https://gist.github.com/fb15f44150ca4e0951acaee443f72d3e"
      },
      "original": {
        "type": "git",
        "url": "https://gist.github.com/fb15f44150ca4e0951acaee443f72d3e"
      }
    },
    "flake-compat": {
      "flake": false,
      "locked": {
        "lastModified": 1673956053,
        "narHash": "sha256-4gtG9iQuiKITOjNQQeQIpoIB6b16fm+504Ch3sNKLd8=",
        "owner": "edolstra",
        "repo": "flake-compat",
        "rev": "35bb57c0c8d8b62bbfd284272c928ceb64ddbde9",
        "type": "github"
      },
      "original": {
        "owner": "edolstra",
        "repo": "flake-compat",
        "type": "github"
      }
    },
    "flake-utils": {
      "inputs": {
        "systems": "systems"
      },
      "locked": {
        "lastModified": 1689068808,
        "narHash": "sha256-6ixXo3wt24N/melDWjq70UuHQLxGV8jZvooRanIHXw0=",
        "owner": "numtide",
        "repo": "flake-utils",
        "rev": "919d646de7be200f3bf08cb76ae1f09402b6f9b4",
        "type": "github"
      },
      "original": {
        "owner": "numtide",
        "repo": "flake-utils",
        "type": "github"
      }
    },
    "geometry": {
      "flake": false,
      "locked": {
        "lastModified": 1683347528,
        "narHash": "sha256-aK7DiaHqXG/RfTzACi46s3RwBuHddEyXDIJpAughfuw=",
        "owner": "goromal",
        "repo": "geometry",
        "rev": "a87b47c1a479ce0cf2ebaea7202b08a62150a7cc",
        "type": "github"
      },
      "original": {
        "owner": "goromal",
        "repo": "geometry",
        "type": "github"
      }
    },
    "gmail-parser": {
      "flake": false,
      "locked": {
        "lastModified": 1703227883,
        "narHash": "sha256-l5gy4mlK9tTuMwybAcQul/3+yf7MxPP+KeasTRDXkbQ=",
        "owner": "goromal",
        "repo": "gmail_parser",
        "rev": "a8e7caeac0e96440119d81ad91149a0d532385b0",
        "type": "github"
      },
      "original": {
        "owner": "goromal",
        "repo": "gmail_parser",
        "type": "github"
      }
    },
    "makepyshell": {
      "flake": false,
      "locked": {
        "lastModified": 1690955602,
        "narHash": "sha256-Q3Mlqmiklk77ezqb3wvjcQq9iB3ovAggFm15i4KrL3U=",
        "ref": "refs/heads/main",
        "rev": "f9205485cc2f073cb3caa35e2fffeb2cc1ed6c1d",
        "revCount": 4,
        "type": "git",
        "url": "https://gist.github.com/e64b6bdc8a176c38092e9bde4c434d31"
      },
      "original": {
        "type": "git",
        "url": "https://gist.github.com/e64b6bdc8a176c38092e9bde4c434d31"
      }
    },
    "manif-geom-cpp": {
      "flake": false,
      "locked": {
        "lastModified": 1700917726,
        "narHash": "sha256-p0oRBEr2WWfysk/rrJxh1B4Wjy6dkrKXhkYFW0A52Vk=",
        "owner": "goromal",
        "repo": "manif-geom-cpp",
        "rev": "18b04007773561bad6f43d365134da61e17c304e",
        "type": "github"
      },
      "original": {
        "owner": "goromal",
        "repo": "manif-geom-cpp",
        "type": "github"
      }
    },
    "manif-geom-rs": {
      "flake": false,
      "locked": {
        "lastModified": 1705773958,
        "narHash": "sha256-wKSGYuMPpDTn21M2unjlhPbJq69Tlg5++zjBxHz2Siw=",
        "owner": "goromal",
        "repo": "manif-geom-rs",
        "rev": "5030af3428b4cc0c0250c16886b3dee837da7e13",
        "type": "github"
      },
      "original": {
        "owner": "goromal",
        "ref": "dev/impl",
        "repo": "manif-geom-rs",
        "type": "github"
      }
    },
    "mavlog-utils": {
      "flake": false,
      "locked": {
        "lastModified": 1683694240,
        "narHash": "sha256-0Jn0QdvBhC8Qh0PQmEkhIedslSmeGGfv/UJzvowZsS0=",
        "owner": "goromal",
        "repo": "mavlog-utils",
        "rev": "516bc15b3cf5bbdcc82ea84548202d1f72fe56ef",
        "type": "github"
      },
      "original": {
        "owner": "goromal",
        "repo": "mavlog-utils",
        "type": "github"
      }
    },
    "mesh-plotter": {
      "flake": false,
      "locked": {
        "lastModified": 1691897730,
        "narHash": "sha256-oH/8xL43F6Z7nLKD4rsZZZa9WT4tnrpuvD0fX52XylA=",
        "owner": "goromal",
        "repo": "mesh-plotter",
        "rev": "866a767e5b815d9735b5bdf0f17f154f5bbbf2c4",
        "type": "github"
      },
      "original": {
        "owner": "goromal",
        "repo": "mesh-plotter",
        "type": "github"
      }
    },
    "mfn": {
      "flake": false,
      "locked": {
        "lastModified": 1683694742,
        "narHash": "sha256-KKFPtRNGNYQ1fhsaxOhTeBnqf4FMIwEGlgRaIMgIFLY=",
        "owner": "goromal",
        "repo": "mfn",
        "rev": "134850ca2140abc8b0cd8e37e62b6f70ba7b50ae",
        "type": "github"
      },
      "original": {
        "owner": "goromal",
        "repo": "mfn",
        "type": "github"
      }
    },
    "mscpp": {
      "flake": false,
      "locked": {
        "lastModified": 1683696296,
        "narHash": "sha256-T26p1qRETYRBB9HxyjyVeBHAF1bROw5roKDYCqgy9wI=",
        "owner": "goromal",
        "repo": "mscpp",
        "rev": "747f612e32aaa6c9e31285c69830d9d224c23b4b",
        "type": "github"
      },
      "original": {
        "owner": "goromal",
        "repo": "mscpp",
        "type": "github"
      }
    },
    "nixpkgs": {
      "locked": {
        "lastModified": 1685566663,
        "narHash": "sha256-btHN1czJ6rzteeCuE/PNrdssqYD2nIA4w48miQAFloM=",
        "owner": "NixOS",
        "repo": "nixpkgs",
        "rev": "4ecab3273592f27479a583fb6d975d4aba3486fe",
        "type": "github"
      },
      "original": {
        "owner": "NixOS",
        "ref": "refs/tags/23.05",
        "repo": "nixpkgs",
        "type": "github"
      }
    },
    "orchestrator": {
      "flake": false,
      "locked": {
        "lastModified": 1703565014,
        "narHash": "sha256-84piWwQgaSKDbUbSAs43FlaraZimoxrRuYXXL8dJiw8=",
        "owner": "goromal",
        "repo": "orchestrator",
        "rev": "ce80790c4b7a031280b2f2b0cde234b1656ac8c0",
        "type": "github"
      },
      "original": {
        "owner": "goromal",
        "repo": "orchestrator",
        "type": "github"
      }
    },
    "pyceres": {
      "flake": false,
      "locked": {
        "lastModified": 1628219054,
        "narHash": "sha256-MV2FvKhASlvB2NKJuRmBggMYN/ufQQabeiXJmRXdcT8=",
        "owner": "Edwinem",
        "repo": "ceres_python_bindings",
        "rev": "2106d043bce37adcfef450dd23d3005480948c37",
        "type": "github"
      },
      "original": {
        "owner": "Edwinem",
        "repo": "ceres_python_bindings",
        "rev": "2106d043bce37adcfef450dd23d3005480948c37",
        "type": "github"
      }
    },
    "pyceres_factors": {
      "flake": false,
      "locked": {
        "lastModified": 1700917664,
        "narHash": "sha256-72lOVW6SGFCHjG/BRPqA6Xh1eV+3tYwm+T3h060knqM=",
        "owner": "goromal",
        "repo": "pyceres_factors",
        "rev": "5fee04d810bb954b90238a01f3bb1aea3edfc632",
        "type": "github"
      },
      "original": {
        "owner": "goromal",
        "repo": "pyceres_factors",
        "type": "github"
      }
    },
    "pysignals": {
      "flake": false,
      "locked": {
        "lastModified": 1683346322,
        "narHash": "sha256-8tA0TAeEx3eYU2OWQr2gptZ1kJoXVyIhw+jV9JO6ZQ4=",
        "owner": "goromal",
        "repo": "pysignals",
        "rev": "4362eed73014ad9f0bdf1b6467033cfd35cbee21",
        "type": "github"
      },
      "original": {
        "owner": "goromal",
        "repo": "pysignals",
        "type": "github"
      }
    },
    "pysorting": {
      "flake": false,
      "locked": {
        "lastModified": 1683694136,
        "narHash": "sha256-nP9sUskrz3v69gFrBVJzLp5yoeZyZR0z2Bn6cchLBGI=",
        "owner": "goromal",
        "repo": "pysorting",
        "rev": "09b008e7073e944c67f523d75e606a32c1ca7ae5",
        "type": "github"
      },
      "original": {
        "owner": "goromal",
        "repo": "pysorting",
        "type": "github"
      }
    },
    "python-dokuwiki": {
      "flake": false,
      "locked": {
        "lastModified": 1656426654,
        "narHash": "sha256-kSnE4ni4xOZ1CzuIe6DnSWZ7+fPYEvQsVL3glv/7iiw=",
        "owner": "fmenabe",
        "repo": "python-dokuwiki",
        "rev": "fc0d5e90058913d8e17f5e6bf0af0a78e8c16685",
        "type": "github"
      },
      "original": {
        "owner": "fmenabe",
        "ref": "refs/tags/1.3.3",
        "repo": "python-dokuwiki",
        "type": "github"
      }
    },
    "quad-sim-cpp": {
      "flake": false,
      "locked": {
        "lastModified": 1701052458,
        "narHash": "sha256-Bn2lmyibi31vePIMQXF/V1vvK0CgAUG1eFqtT3bolaA=",
        "owner": "goromal",
        "repo": "quad-sim-cpp",
        "rev": "ec16789bc808096154cf452d7df3cf4a78e514d4",
        "type": "github"
      },
      "original": {
        "owner": "goromal",
        "repo": "quad-sim-cpp",
        "type": "github"
      }
    },
    "rankserver-cpp": {
      "flake": false,
      "locked": {
        "lastModified": 1683695376,
        "narHash": "sha256-Q4c95UnXA3UCxWo2TlCmEpBuow0aim71hL5396KDxZo=",
        "owner": "goromal",
        "repo": "rankserver-cpp",
        "rev": "bf26d1e84109118274a760390c7fcdda26012fd9",
        "type": "github"
      },
      "original": {
        "owner": "goromal",
        "repo": "rankserver-cpp",
        "type": "github"
      }
    },
    "root": {
      "inputs": {
        "aapis": "aapis",
        "anixdata": "anixdata",
        "book-notes-sync": "book-notes-sync",
        "ceres-factors": "ceres-factors",
        "crowcpp": "crowcpp",
        "easy-google-auth": "easy-google-auth",
        "evil-hangman": "evil-hangman",
        "find_rotational_conventions": "find_rotational_conventions",
        "flake-compat": "flake-compat",
        "flake-utils": "flake-utils",
        "geometry": "geometry",
        "gmail-parser": "gmail-parser",
        "makepyshell": "makepyshell",
        "manif-geom-cpp": "manif-geom-cpp",
        "manif-geom-rs": "manif-geom-rs",
        "mavlog-utils": "mavlog-utils",
        "mesh-plotter": "mesh-plotter",
        "mfn": "mfn",
        "mscpp": "mscpp",
        "nixpkgs": "nixpkgs",
        "orchestrator": "orchestrator",
        "pyceres": "pyceres",
        "pyceres_factors": "pyceres_factors",
        "pysignals": "pysignals",
        "pysorting": "pysorting",
        "python-dokuwiki": "python-dokuwiki",
        "quad-sim-cpp": "quad-sim-cpp",
        "rankserver-cpp": "rankserver-cpp",
        "scrape": "scrape",
        "secure-delete": "secure-delete",
        "signals-cpp": "signals-cpp",
        "simple-image-editor": "simple-image-editor",
        "sorting": "sorting",
        "spelling-corrector": "spelling-corrector",
        "task-tools": "task-tools",
        "trafficsim": "trafficsim",
        "wiki-tools": "wiki-tools",
        "xv-lidar-rs": "xv-lidar-rs"
      }
    },
    "scrape": {
      "flake": false,
      "locked": {
        "lastModified": 1695353119,
        "narHash": "sha256-P4YdyhYVcskHEHe2qMBBP/j/wdWasmms/XNCZbb3bR0=",
        "owner": "goromal",
        "repo": "scrape",
        "rev": "36830cf6f58dd203bbc85f35dcd9523ae1804d3d",
        "type": "github"
      },
      "original": {
        "owner": "goromal",
        "repo": "scrape",
        "type": "github"
      }
    },
    "secure-delete": {
      "flake": false,
      "locked": {
        "lastModified": 1683693681,
        "narHash": "sha256-9s4rDjp0Mfz3eg4pLe7JRr+rzN61liri6NKcD7Sd6Kw=",
        "owner": "goromal",
        "repo": "secure-delete",
        "rev": "1c87b16e4dee245a8a8c04ec9746031dffdc0aca",
        "type": "github"
      },
      "original": {
        "owner": "goromal",
        "repo": "secure-delete",
        "type": "github"
      }
    },
    "signals-cpp": {
      "flake": false,
      "locked": {
        "lastModified": 1672599560,
        "narHash": "sha256-KIAvkkTJ0zhidOJljtUaEKe94wiybC0LafRItR0TBcY=",
        "owner": "goromal",
        "repo": "signals-cpp",
        "rev": "40b1aaebb651fe1fcbe5f8fdad545567fe8971c4",
        "type": "github"
      },
      "original": {
        "owner": "goromal",
        "repo": "signals-cpp",
        "type": "github"
      }
    },
    "simple-image-editor": {
      "flake": false,
      "locked": {
        "lastModified": 1683693423,
        "narHash": "sha256-y9vqK+ItS0bUWMWIEPoUb3LFpXNdlFx6yCJIwT0KNyg=",
        "owner": "goromal",
        "repo": "simple-image-editor",
        "rev": "64160a1901a91ae941dabcff069d00057d318e06",
        "type": "github"
      },
      "original": {
        "owner": "goromal",
        "repo": "simple-image-editor",
        "type": "github"
      }
    },
    "sorting": {
      "flake": false,
      "locked": {
        "lastModified": 1680415014,
        "narHash": "sha256-7nPfrUJDiocZdNhR5cB/wutJgaTQ8Rwa7OXzDAtdBiw=",
        "owner": "goromal",
        "repo": "sorting",
        "rev": "b254d4c895afcbc551fb0b55eefe9c9cec388d80",
        "type": "github"
      },
      "original": {
        "owner": "goromal",
        "repo": "sorting",
        "type": "github"
      }
    },
    "spelling-corrector": {
      "flake": false,
      "locked": {
        "lastModified": 1683693401,
        "narHash": "sha256-mwncICz15GKpR/Cxe4w8koG9bHBsUdKH0ps32dxiFnw=",
        "owner": "goromal",
        "repo": "spelling-corrector",
        "rev": "8a4a1bf61aa8bb08fae09dd403ebfdf9980684fc",
        "type": "github"
      },
      "original": {
        "owner": "goromal",
        "repo": "spelling-corrector",
        "type": "github"
      }
    },
    "systems": {
      "locked": {
        "lastModified": 1681028828,
        "narHash": "sha256-Vy1rq5AaRuLzOxct8nz4T6wlgyUR7zLU309k9mBC768=",
        "owner": "nix-systems",
        "repo": "default",
        "rev": "da67096a3b9bf56a91d16901293e51ba5b49a27e",
        "type": "github"
      },
      "original": {
        "owner": "nix-systems",
        "repo": "default",
        "type": "github"
      }
    },
    "task-tools": {
      "flake": false,
      "locked": {
        "lastModified": 1705865825,
        "narHash": "sha256-uvc5eNleXUEbZdCyNYkfxsYigjWacIYvb9DSAnVQkUc=",
        "owner": "goromal",
        "repo": "task-tools",
        "rev": "3f90c965ee7012768ee785426657b6fedb32ed9f",
        "type": "github"
      },
      "original": {
        "owner": "goromal",
        "repo": "task-tools",
        "type": "github"
      }
    },
    "trafficsim": {
      "flake": false,
      "locked": {
        "lastModified": 1670693563,
        "narHash": "sha256-Vk0ReIWjbhUTa/6AtPWhwgiyUF6fPvPEJSqiCfotncI=",
        "ref": "refs/heads/main",
        "rev": "bd0d6741dbbd85d2951739c351dd501ac7e9af97",
        "revCount": 5,
        "type": "git",
        "url": "https://gist.github.com/c37629235750b65b9d0ec0e17456ee96"
      },
      "original": {
        "type": "git",
        "url": "https://gist.github.com/c37629235750b65b9d0ec0e17456ee96"
      }
    },
    "wiki-tools": {
      "flake": false,
      "locked": {
        "lastModified": 1683694858,
        "narHash": "sha256-oJBcpzBOp620HXGhk+0Y1gj3HrpNz0ocCB1EiaEMIOs=",
        "owner": "goromal",
        "repo": "wiki-tools",
        "rev": "56cceeadda9f21ba4a551359be384594d9f64bbe",
        "type": "github"
      },
      "original": {
        "owner": "goromal",
        "repo": "wiki-tools",
        "type": "github"
      }
    },
    "xv-lidar-rs": {
      "flake": false,
      "locked": {
        "lastModified": 1683694118,
        "narHash": "sha256-2PaEbjtBO5o09jGIU09shZ/SjAQoh2pyJyJ0Izj2RjU=",
        "owner": "goromal",
        "repo": "xv-lidar-rs",
        "rev": "b6e3128cafea69614bbbcbeddaa46a5592c749cf",
        "type": "github"
      },
      "original": {
        "owner": "goromal",
        "repo": "xv-lidar-rs",
        "type": "github"
      }
    }
  },
  "root": "root",
  "version": 7
}
