{
  "nodes": {
    "aapis": {
      "flake": false,
      "locked": {
        "lastModified": 1749440519,
        "narHash": "sha256-qRaF+RsEDqUibt7t+PFcJnpfai7HHd0/1TJ70UM1Lrg=",
        "owner": "goromal",
        "repo": "aapis",
        "rev": "8a2e728a1b91d923af9a3c4db768b8d772d073e7",
        "type": "github"
      },
      "original": {
        "owner": "goromal",
        "repo": "aapis",
        "type": "github"
      }
    },
    "anixdata": {
      "flake": false,
      "locked": {
        "lastModified": 1707018004,
        "narHash": "sha256-YOA4MvKJqJEJ6g5JzuHwW47zJNNXQWSUtrVcdFp7L4U=",
        "owner": "goromal",
        "repo": "anixdata",
        "rev": "77211cd6ab4ee5a9879aef94403c81daf2a11d58",
        "type": "github"
      },
      "original": {
        "owner": "goromal",
        "repo": "anixdata",
        "type": "github"
      }
    },
    "ardupilot": {
      "flake": false,
      "locked": {
        "lastModified": 1717112455,
        "narHash": "sha256-4sZlPIGYr9ivk1V5CHG1wsIxzqrHFxpb2inWT5IfDT4=",
        "ref": "Copter-4.4",
        "rev": "865cffa5f2a850f892ab43def2d4ad21b8a9adca",
        "revCount": 57489,
        "submodules": true,
        "type": "git",
        "url": "ssh://git@github.com/goromal/ardupilot"
      },
      "original": {
        "ref": "Copter-4.4",
        "submodules": true,
        "type": "git",
        "url": "ssh://git@github.com/goromal/ardupilot"
      }
    },
    "book-notes-sync": {
      "flake": false,
      "locked": {
        "lastModified": 1717871019,
        "narHash": "sha256-0ic7jZirFebHbYtQDoFcdJmuVKAkwiKVq8lmE0byy9I=",
        "owner": "goromal",
        "repo": "book-notes-sync",
        "rev": "3f96818f223520e45dea7a98f7b3287ab23b5a5a",
        "type": "github"
      },
      "original": {
        "owner": "goromal",
        "repo": "book-notes-sync",
        "type": "github"
      }
    },
    "ceres-factors": {
      "flake": false,
      "locked": {
        "lastModified": 1700917591,
        "narHash": "sha256-TQk8i34V8Eu+cTj42Id2PclOmPHzBl3wBDwKr6Yy/M0=",
        "owner": "goromal",
        "repo": "ceres-factors",
        "rev": "6ebf9d59edb2319fb786f7b2a1e62ff21ca4ff20",
        "type": "github"
      },
      "original": {
        "owner": "goromal",
        "repo": "ceres-factors",
        "type": "github"
      }
    },
    "crowcpp": {
      "flake": false,
      "locked": {
        "lastModified": 1681531350,
        "narHash": "sha256-IRlrNDLbYAOT4WlnX68FB4FBHKS1FC1uUTeVfIpfZDM=",
        "owner": "goromal",
        "repo": "Crow",
        "rev": "8405788649538e5a45c791af5db5df5e171a8844",
        "type": "github"
      },
      "original": {
        "owner": "goromal",
        "repo": "Crow",
        "type": "github"
      }
    },
    "daily_tactical_server": {
      "flake": false,
      "locked": {
        "lastModified": 1749965196,
        "narHash": "sha256-UWcpmh2EI45RW6jm+Wso0vqfX8Y2Xg9GO73r6tFPoLo=",
        "owner": "goromal",
        "repo": "daily_tactical_server",
        "rev": "2c2bed97c8c474eff3e5c2c6172b604811fcd041",
        "type": "github"
      },
      "original": {
        "owner": "goromal",
        "repo": "daily_tactical_server",
        "type": "github"
      }
    },
    "easy-google-auth": {
      "flake": false,
      "locked": {
        "lastModified": 1745727367,
        "narHash": "sha256-0X7+mzzHnECbd0LE8S5e6zRr4/ptd8j7mPUy8G2D/g0=",
        "owner": "goromal",
        "repo": "easy-google-auth",
        "rev": "e170e5282487239cc0351977d900c10ab125f2f6",
        "type": "github"
      },
      "original": {
        "owner": "goromal",
        "repo": "easy-google-auth",
        "type": "github"
      }
    },
    "evil-hangman": {
      "flake": false,
      "locked": {
        "lastModified": 1683693382,
        "narHash": "sha256-uu1Fuvfh1Gq9Hl9MnG4Zy8V4Ad94FQACI/QAI5/S1FQ=",
        "owner": "goromal",
        "repo": "evil-hangman",
        "rev": "fbd190eec9b5f0b28d316e2db4eabb4e35347dfd",
        "type": "github"
      },
      "original": {
        "owner": "goromal",
        "repo": "evil-hangman",
        "type": "github"
      }
    },
    "find_rotational_conventions": {
      "flake": false,
      "locked": {
        "lastModified": 1671856051,
        "narHash": "sha256-05G17dnw93IejeHfvxM5F99f5Gc50fhTwl8MmDbvUv8=",
        "ref": "refs/heads/main",
        "rev": "f783b777f1c6dcea21a7a1d30519be2f56a810c3",
        "revCount": 1,
        "type": "git",
        "url": "https://gist.github.com/fb15f44150ca4e0951acaee443f72d3e"
      },
      "original": {
        "type": "git",
        "url": "https://gist.github.com/fb15f44150ca4e0951acaee443f72d3e"
      }
    },
    "flake-compat": {
      "flake": false,
      "locked": {
        "lastModified": 1673956053,
        "narHash": "sha256-4gtG9iQuiKITOjNQQeQIpoIB6b16fm+504Ch3sNKLd8=",
        "owner": "edolstra",
        "repo": "flake-compat",
        "rev": "35bb57c0c8d8b62bbfd284272c928ceb64ddbde9",
        "type": "github"
      },
      "original": {
        "owner": "edolstra",
        "repo": "flake-compat",
        "type": "github"
      }
    },
    "flake-compat_2": {
      "flake": false,
      "locked": {
        "lastModified": 1696426674,
        "narHash": "sha256-kvjfFW7WAETZlt09AgDn1MrtKzP7t90Vf7vypd3OL1U=",
        "owner": "edolstra",
        "repo": "flake-compat",
        "rev": "0f9255e01c2351cc7d116c072cb317785dd33b33",
        "type": "github"
      },
      "original": {
        "owner": "edolstra",
        "repo": "flake-compat",
        "type": "github"
      }
    },
    "flake-utils": {
      "inputs": {
        "systems": "systems"
      },
      "locked": {
        "lastModified": 1689068808,
        "narHash": "sha256-6ixXo3wt24N/melDWjq70UuHQLxGV8jZvooRanIHXw0=",
        "owner": "numtide",
        "repo": "flake-utils",
        "rev": "919d646de7be200f3bf08cb76ae1f09402b6f9b4",
        "type": "github"
      },
      "original": {
        "owner": "numtide",
        "repo": "flake-utils",
        "type": "github"
      }
    },
    "geometry": {
      "flake": false,
      "locked": {
        "lastModified": 1742189535,
        "narHash": "sha256-rMySYxi15Cp1Li8H38DZfHyrm0N5MAbfIDRgsCRG1iY=",
        "owner": "goromal",
        "repo": "geometry",
        "rev": "d67ec20d64a8e9d04798306febe49b5aafa76c0e",
        "type": "github"
      },
      "original": {
        "owner": "goromal",
        "repo": "geometry",
        "type": "github"
      }
    },
    "gmail-parser": {
      "flake": false,
      "locked": {
        "lastModified": 1730958833,
        "narHash": "sha256-i/gVXHiE79Gvz+VSPiBRhD0sLigsbE0yolQdZJurrlM=",
        "owner": "goromal",
        "repo": "gmail_parser",
        "rev": "cbad2d3c0b4b022a50bad8e2073293aadff6f795",
        "type": "github"
      },
      "original": {
        "owner": "goromal",
        "repo": "gmail_parser",
        "type": "github"
      }
    },
    "makepyshell": {
      "flake": false,
      "locked": {
        "lastModified": 1690955602,
        "narHash": "sha256-Q3Mlqmiklk77ezqb3wvjcQq9iB3ovAggFm15i4KrL3U=",
        "ref": "refs/heads/main",
        "rev": "f9205485cc2f073cb3caa35e2fffeb2cc1ed6c1d",
        "revCount": 4,
        "type": "git",
        "url": "https://gist.github.com/e64b6bdc8a176c38092e9bde4c434d31"
      },
      "original": {
        "type": "git",
        "url": "https://gist.github.com/e64b6bdc8a176c38092e9bde4c434d31"
      }
    },
    "manif-geom-cpp": {
      "flake": false,
      "locked": {
        "lastModified": 1746337994,
        "narHash": "sha256-4MEQqEmZs7D2asF5c/rc3NzDDui/0uAlZWlasGUdlRo=",
        "owner": "goromal",
        "repo": "manif-geom-cpp",
        "rev": "f7013ab24f5ac59a220d960994d627beb2ffdd6c",
        "type": "github"
      },
      "original": {
        "owner": "goromal",
        "repo": "manif-geom-cpp",
        "type": "github"
      }
    },
    "manif-geom-rs": {
      "flake": false,
      "locked": {
        "lastModified": 1710476829,
        "narHash": "sha256-m5XNqp5aypoJlpQ/baxb0EQiTJ9ItI1CzBhE1KC76qQ=",
        "owner": "goromal",
        "repo": "manif-geom-rs",
        "rev": "c1fcc55181ae78752b8ac487645f0a3c78548679",
        "type": "github"
      },
      "original": {
        "owner": "goromal",
        "repo": "manif-geom-rs",
        "type": "github"
      }
    },
    "mavlink": {
      "flake": false,
      "locked": {
        "lastModified": 1725498612,
        "narHash": "sha256-lLGWlDRA46c0CUfSQDqbpACswCaQ4QtDLRsuBnMzTCU=",
        "owner": "mavlink",
        "repo": "c_library_v2",
        "rev": "f9cec4814082af27c2fd27259aed302f52ce9cf7",
        "type": "github"
      },
      "original": {
        "owner": "mavlink",
        "repo": "c_library_v2",
        "rev": "f9cec4814082af27c2fd27259aed302f52ce9cf7",
        "type": "github"
      }
    },
    "mavlink-router": {
      "flake": false,
      "locked": {
        "lastModified": 1735840064,
        "narHash": "sha256-jCqguWNaXN1rH4i8uG9htQQRF3V9LKNjAE4F5z6WZlU=",
        "owner": "mavlink-router",
        "repo": "mavlink-router",
        "rev": "51983a46cd1f632a5934a29da2dbe5fd7d5c38d4",
        "type": "github"
      },
      "original": {
        "owner": "mavlink-router",
        "repo": "mavlink-router",
        "type": "github"
      }
    },
    "mavlog-utils": {
      "flake": false,
      "locked": {
        "lastModified": 1683694240,
        "narHash": "sha256-0Jn0QdvBhC8Qh0PQmEkhIedslSmeGGfv/UJzvowZsS0=",
        "owner": "goromal",
        "repo": "mavlog-utils",
        "rev": "516bc15b3cf5bbdcc82ea84548202d1f72fe56ef",
        "type": "github"
      },
      "original": {
        "owner": "goromal",
        "repo": "mavlog-utils",
        "type": "github"
      }
    },
    "mesh-plotter": {
      "flake": false,
      "locked": {
        "lastModified": 1717387621,
        "narHash": "sha256-iPhcnHIGjhYDQiPQSWVSDTPntFe3hTJIKxb7JtbuKF8=",
        "owner": "goromal",
        "repo": "mesh-plotter",
        "rev": "a67401095de7acf8dd3a95a844f14e9c580fcbbc",
        "type": "github"
      },
      "original": {
        "owner": "goromal",
        "repo": "mesh-plotter",
        "type": "github"
      }
    },
    "mfn": {
      "flake": false,
      "locked": {
        "lastModified": 1683694742,
        "narHash": "sha256-KKFPtRNGNYQ1fhsaxOhTeBnqf4FMIwEGlgRaIMgIFLY=",
        "owner": "goromal",
        "repo": "mfn",
        "rev": "134850ca2140abc8b0cd8e37e62b6f70ba7b50ae",
        "type": "github"
      },
      "original": {
        "owner": "goromal",
        "repo": "mfn",
        "type": "github"
      }
    },
    "mscpp": {
      "flake": false,
      "locked": {
        "lastModified": 1728191989,
        "narHash": "sha256-9UN2ok+PI0AozZ/eUIX4j6wy5eZi7oOSgl/PICRvxN0=",
        "owner": "goromal",
        "repo": "mscpp",
        "rev": "1451f74e1fa9e4e0408011d38a58ec177e986a14",
        "type": "github"
      },
      "original": {
        "owner": "goromal",
        "repo": "mscpp",
        "type": "github"
      }
    },
    "nixpkgs": {
      "locked": {
        "lastModified": 1717179513,
        "narHash": "sha256-vboIEwIQojofItm2xGCdZCzW96U85l9nDW3ifMuAIdM=",
        "owner": "NixOS",
        "repo": "nixpkgs",
        "rev": "63dacb46bf939521bdc93981b4cbb7ecb58427a0",
        "type": "github"
      },
      "original": {
        "owner": "NixOS",
        "ref": "refs/tags/24.05",
        "repo": "nixpkgs",
        "type": "github"
      }
    },
    "nixpkgs_2": {
      "locked": {
        "lastModified": 1718276985,
        "narHash": "sha256-u1fA0DYQYdeG+5kDm1bOoGcHtX0rtC7qs2YA2N1X++I=",
        "owner": "NixOS",
        "repo": "nixpkgs",
        "rev": "3f84a279f1a6290ce154c5531378acc827836fbb",
        "type": "github"
      },
      "original": {
        "owner": "NixOS",
        "ref": "nixpkgs-unstable",
        "repo": "nixpkgs",
        "type": "github"
      }
    },
    "orchestrator": {
      "flake": false,
      "locked": {
        "lastModified": 1741671470,
        "narHash": "sha256-vua/eYmBxQKMb742YY3kN8AQPquC2LHUWRZjHB9Cowo=",
        "owner": "goromal",
        "repo": "orchestrator",
        "rev": "695bc2ecf271713a41f102eee09536c8c582ad10",
        "type": "github"
      },
      "original": {
        "owner": "goromal",
        "repo": "orchestrator",
        "type": "github"
      }
    },
    "orchestrator-cpp": {
      "flake": false,
      "locked": {
        "lastModified": 1732075257,
        "narHash": "sha256-CWCcHbhEbHGp03+VMEd1Qu0l3jOkB1u2MbLGAhMiDng=",
        "owner": "goromal",
        "repo": "orchestrator-cpp",
        "rev": "fef08eaf9379d6d6a1ebdca576c49517b72ddfd9",
        "type": "github"
      },
      "original": {
        "owner": "goromal",
        "repo": "orchestrator-cpp",
        "type": "github"
      }
    },
    "photos-tools": {
      "flake": false,
      "locked": {
        "lastModified": 1725170663,
        "narHash": "sha256-M2OS2Lyf2I7FuDEXH0IgSosha0uXta8kd6ipRDyTNiE=",
        "owner": "goromal",
        "repo": "photos-tools",
        "rev": "de94de37da9a1cc5d258539f055361e89342789e",
        "type": "github"
      },
      "original": {
        "owner": "goromal",
        "repo": "photos-tools",
        "type": "github"
      }
    },
    "phps": {
      "inputs": {
        "flake-compat": "flake-compat_2",
        "nixpkgs": "nixpkgs_2",
        "utils": "utils"
      },
      "locked": {
        "lastModified": 1718658141,
        "narHash": "sha256-Ikk7H1Lbt+u75+vcoxb0K8aX6TmWdRg3KQoIM2PlSH4=",
        "owner": "fossar",
        "repo": "nix-phps",
        "rev": "0760794ce696c1c5d9d3bd3979ff4811ea6276da",
        "type": "github"
      },
      "original": {
        "owner": "fossar",
        "repo": "nix-phps",
        "type": "github"
      }
    },
    "pyceres": {
      "flake": false,
      "locked": {
        "lastModified": 1628219054,
        "narHash": "sha256-MV2FvKhASlvB2NKJuRmBggMYN/ufQQabeiXJmRXdcT8=",
        "owner": "Edwinem",
        "repo": "ceres_python_bindings",
        "rev": "2106d043bce37adcfef450dd23d3005480948c37",
        "type": "github"
      },
      "original": {
        "owner": "Edwinem",
        "repo": "ceres_python_bindings",
        "rev": "2106d043bce37adcfef450dd23d3005480948c37",
        "type": "github"
      }
    },
    "pyceres_factors": {
      "flake": false,
      "locked": {
        "lastModified": 1700917664,
        "narHash": "sha256-72lOVW6SGFCHjG/BRPqA6Xh1eV+3tYwm+T3h060knqM=",
        "owner": "goromal",
        "repo": "pyceres_factors",
        "rev": "5fee04d810bb954b90238a01f3bb1aea3edfc632",
        "type": "github"
      },
      "original": {
        "owner": "goromal",
        "repo": "pyceres_factors",
        "type": "github"
      }
    },
    "pysignals": {
      "flake": false,
      "locked": {
        "lastModified": 1735182553,
        "narHash": "sha256-qOV2F0Jw5KuUICKv65uMW3aRGTWqj6Eudg3NFjEb6ts=",
        "owner": "goromal",
        "repo": "pysignals",
        "rev": "11d6532e27122b12238af99554535f9cfb138df6",
        "type": "github"
      },
      "original": {
        "owner": "goromal",
        "repo": "pysignals",
        "type": "github"
      }
    },
    "pysorting": {
      "flake": false,
      "locked": {
        "lastModified": 1683694136,
        "narHash": "sha256-nP9sUskrz3v69gFrBVJzLp5yoeZyZR0z2Bn6cchLBGI=",
        "owner": "goromal",
        "repo": "pysorting",
        "rev": "09b008e7073e944c67f523d75e606a32c1ca7ae5",
        "type": "github"
      },
      "original": {
        "owner": "goromal",
        "repo": "pysorting",
        "type": "github"
      }
    },
    "python-dokuwiki": {
      "flake": false,
      "locked": {
        "lastModified": 1656426654,
        "narHash": "sha256-kSnE4ni4xOZ1CzuIe6DnSWZ7+fPYEvQsVL3glv/7iiw=",
        "owner": "fmenabe",
        "repo": "python-dokuwiki",
        "rev": "fc0d5e90058913d8e17f5e6bf0af0a78e8c16685",
        "type": "github"
      },
      "original": {
        "owner": "fmenabe",
        "ref": "refs/tags/1.3.3",
        "repo": "python-dokuwiki",
        "type": "github"
      }
    },
    "quad-sim-cpp": {
      "flake": false,
      "locked": {
        "lastModified": 1701052458,
        "narHash": "sha256-Bn2lmyibi31vePIMQXF/V1vvK0CgAUG1eFqtT3bolaA=",
        "owner": "goromal",
        "repo": "quad-sim-cpp",
        "rev": "ec16789bc808096154cf452d7df3cf4a78e514d4",
        "type": "github"
      },
      "original": {
        "owner": "goromal",
        "repo": "quad-sim-cpp",
        "type": "github"
      }
    },
    "rankserver-cpp": {
      "flake": false,
      "locked": {
        "lastModified": 1683695376,
        "narHash": "sha256-Q4c95UnXA3UCxWo2TlCmEpBuow0aim71hL5396KDxZo=",
        "owner": "goromal",
        "repo": "rankserver-cpp",
        "rev": "bf26d1e84109118274a760390c7fcdda26012fd9",
        "type": "github"
      },
      "original": {
        "owner": "goromal",
        "repo": "rankserver-cpp",
        "type": "github"
      }
    },
    "rcdo": {
      "flake": false,
      "locked": {
        "lastModified": 1732513665,
        "narHash": "sha256-xO30OUZS5PoSky2sv61mZkqsIWtDsUWgWo80Oo2EHxo=",
        "owner": "goromal",
        "repo": "rcdo",
        "rev": "c20eb4cea8c89f6a38941cd9692d3171be96f48e",
        "type": "github"
      },
      "original": {
        "owner": "goromal",
        "repo": "rcdo",
        "type": "github"
      }
    },
    "root": {
      "inputs": {
        "aapis": "aapis",
        "anixdata": "anixdata",
        "ardupilot": "ardupilot",
        "book-notes-sync": "book-notes-sync",
        "ceres-factors": "ceres-factors",
        "crowcpp": "crowcpp",
        "daily_tactical_server": "daily_tactical_server",
        "easy-google-auth": "easy-google-auth",
        "evil-hangman": "evil-hangman",
        "find_rotational_conventions": "find_rotational_conventions",
        "flake-compat": "flake-compat",
        "flake-utils": "flake-utils",
        "geometry": "geometry",
        "gmail-parser": "gmail-parser",
        "makepyshell": "makepyshell",
        "manif-geom-cpp": "manif-geom-cpp",
        "manif-geom-rs": "manif-geom-rs",
        "mavlink": "mavlink",
        "mavlink-router": "mavlink-router",
        "mavlog-utils": "mavlog-utils",
        "mesh-plotter": "mesh-plotter",
        "mfn": "mfn",
        "mscpp": "mscpp",
        "nixpkgs": "nixpkgs",
        "orchestrator": "orchestrator",
        "orchestrator-cpp": "orchestrator-cpp",
        "photos-tools": "photos-tools",
        "phps": "phps",
        "pyceres": "pyceres",
        "pyceres_factors": "pyceres_factors",
        "pysignals": "pysignals",
        "pysorting": "pysorting",
        "python-dokuwiki": "python-dokuwiki",
        "quad-sim-cpp": "quad-sim-cpp",
        "rankserver-cpp": "rankserver-cpp",
        "rcdo": "rcdo",
        "scrape": "scrape",
        "secure-delete": "secure-delete",
        "signals-cpp": "signals-cpp",
        "simple-image-editor": "simple-image-editor",
        "sorting": "sorting",
        "spelling-corrector": "spelling-corrector",
        "sunnyside": "sunnyside",
        "symforce": "symforce",
        "task-tools": "task-tools",
        "trafficsim": "trafficsim",
        "wiki-tools": "wiki-tools",
        "xv-lidar-rs": "xv-lidar-rs"
      }
    },
    "scrape": {
      "flake": false,
      "locked": {
        "lastModified": 1695353119,
        "narHash": "sha256-P4YdyhYVcskHEHe2qMBBP/j/wdWasmms/XNCZbb3bR0=",
        "owner": "goromal",
        "repo": "scrape",
        "rev": "36830cf6f58dd203bbc85f35dcd9523ae1804d3d",
        "type": "github"
      },
      "original": {
        "owner": "goromal",
        "repo": "scrape",
        "type": "github"
      }
    },
    "secure-delete": {
      "flake": false,
      "locked": {
        "lastModified": 1683693681,
        "narHash": "sha256-9s4rDjp0Mfz3eg4pLe7JRr+rzN61liri6NKcD7Sd6Kw=",
        "owner": "goromal",
        "repo": "secure-delete",
        "rev": "1c87b16e4dee245a8a8c04ec9746031dffdc0aca",
        "type": "github"
      },
      "original": {
        "owner": "goromal",
        "repo": "secure-delete",
        "type": "github"
      }
    },
    "signals-cpp": {
      "flake": false,
      "locked": {
        "lastModified": 1735182528,
        "narHash": "sha256-Gj6E/vaW/xQC3pIYm1A+Zj5Rza7m2iuhA2faM1Fm1Tc=",
        "owner": "goromal",
        "repo": "signals-cpp",
        "rev": "3b1cdfe2ce66f96095b762673d7ffc2ef1f666ea",
        "type": "github"
      },
      "original": {
        "owner": "goromal",
        "repo": "signals-cpp",
        "type": "github"
      }
    },
    "simple-image-editor": {
      "flake": false,
      "locked": {
        "lastModified": 1683693423,
        "narHash": "sha256-y9vqK+ItS0bUWMWIEPoUb3LFpXNdlFx6yCJIwT0KNyg=",
        "owner": "goromal",
        "repo": "simple-image-editor",
        "rev": "64160a1901a91ae941dabcff069d00057d318e06",
        "type": "github"
      },
      "original": {
        "owner": "goromal",
        "repo": "simple-image-editor",
        "type": "github"
      }
    },
    "sorting": {
      "flake": false,
      "locked": {
        "lastModified": 1680415014,
        "narHash": "sha256-7nPfrUJDiocZdNhR5cB/wutJgaTQ8Rwa7OXzDAtdBiw=",
        "owner": "goromal",
        "repo": "sorting",
        "rev": "b254d4c895afcbc551fb0b55eefe9c9cec388d80",
        "type": "github"
      },
      "original": {
        "owner": "goromal",
        "repo": "sorting",
        "type": "github"
      }
    },
    "spelling-corrector": {
      "flake": false,
      "locked": {
        "lastModified": 1683693401,
        "narHash": "sha256-mwncICz15GKpR/Cxe4w8koG9bHBsUdKH0ps32dxiFnw=",
        "owner": "goromal",
        "repo": "spelling-corrector",
        "rev": "8a4a1bf61aa8bb08fae09dd403ebfdf9980684fc",
        "type": "github"
      },
      "original": {
        "owner": "goromal",
        "repo": "spelling-corrector",
        "type": "github"
      }
    },
    "sunnyside": {
      "flake": false,
      "locked": {
        "lastModified": 1717568445,
        "narHash": "sha256-U2wiyKsJ6ACiajkfULpkdCUJ2/xZKQqNgzIHQL9utIE=",
        "owner": "goromal",
        "repo": "sunnyside",
        "rev": "d6605667490ce008321b32dea5732d7962609bf7",
        "type": "github"
      },
      "original": {
        "owner": "goromal",
        "repo": "sunnyside",
        "type": "github"
      }
    },
    "symforce": {
      "flake": false,
      "locked": {
        "lastModified": 1686169351,
        "narHash": "sha256-cOpycn48zSdR8clJEc2Zff/D6bDY453cVE2/L9gOgtc=",
        "owner": "symforce-org",
        "repo": "symforce",
        "rev": "84f76b601ea6575fb990a9c23f7b77611911eab7",
        "type": "github"
      },
      "original": {
        "owner": "symforce-org",
        "ref": "refs/tags/v0.9.0",
        "repo": "symforce",
        "type": "github"
      }
    },
    "systems": {
      "locked": {
        "lastModified": 1681028828,
        "narHash": "sha256-Vy1rq5AaRuLzOxct8nz4T6wlgyUR7zLU309k9mBC768=",
        "owner": "nix-systems",
        "repo": "default",
        "rev": "da67096a3b9bf56a91d16901293e51ba5b49a27e",
        "type": "github"
      },
      "original": {
        "owner": "nix-systems",
        "repo": "default",
        "type": "github"
      }
    },
    "systems_2": {
      "locked": {
        "lastModified": 1681028828,
        "narHash": "sha256-Vy1rq5AaRuLzOxct8nz4T6wlgyUR7zLU309k9mBC768=",
        "owner": "nix-systems",
        "repo": "default",
        "rev": "da67096a3b9bf56a91d16901293e51ba5b49a27e",
        "type": "github"
      },
      "original": {
        "owner": "nix-systems",
        "repo": "default",
        "type": "github"
      }
    },
    "task-tools": {
      "flake": false,
      "locked": {
        "lastModified": 1750081540,
        "narHash": "sha256-6xTpK7yN897j5eo99+ayUnmSrE9Swv9VK4OtetFjH4E=",
        "owner": "goromal",
        "repo": "task-tools",
        "rev": "af1f24b46f7d18cc2521934fa7a2e3db214f541c",
        "type": "github"
      },
      "original": {
        "owner": "goromal",
        "ref": "refs/heads/dev/ttg",
        "repo": "task-tools",
        "type": "github"
      }
    },
    "trafficsim": {
      "flake": false,
      "locked": {
        "lastModified": 1735182718,
        "narHash": "sha256-y4kUTA5zSAj0TYRui7prBn9xBE9uhBEryZ+pYERVfBI=",
        "ref": "refs/heads/main",
        "rev": "973f3f1895ee846917bc1918be4bc6257e1d124d",
        "revCount": 6,
        "type": "git",
        "url": "https://gist.github.com/c37629235750b65b9d0ec0e17456ee96"
      },
      "original": {
        "type": "git",
        "url": "https://gist.github.com/c37629235750b65b9d0ec0e17456ee96"
      }
    },
    "utils": {
      "inputs": {
        "systems": "systems_2"
      },
      "locked": {
        "lastModified": 1710146030,
        "narHash": "sha256-SZ5L6eA7HJ/nmkzGG7/ISclqe6oZdOZTNoesiInkXPQ=",
        "owner": "numtide",
        "repo": "flake-utils",
        "rev": "b1d9ab70662946ef0850d488da1c9019f3a9752a",
        "type": "github"
      },
      "original": {
        "owner": "numtide",
        "repo": "flake-utils",
        "type": "github"
      }
    },
    "wiki-tools": {
      "flake": false,
      "locked": {
        "lastModified": 1717870970,
        "narHash": "sha256-mMB/Vj6jA7nJqsJPPX8FX1EwaJDJuxP/gzXT3cyOZkg=",
        "owner": "goromal",
        "repo": "wiki-tools",
        "rev": "60619a5e7f0c0005903153074c6963782984b479",
        "type": "github"
      },
      "original": {
        "owner": "goromal",
        "repo": "wiki-tools",
        "type": "github"
      }
    },
    "xv-lidar-rs": {
      "flake": false,
      "locked": {
        "lastModified": 1683694118,
        "narHash": "sha256-2PaEbjtBO5o09jGIU09shZ/SjAQoh2pyJyJ0Izj2RjU=",
        "owner": "goromal",
        "repo": "xv-lidar-rs",
        "rev": "b6e3128cafea69614bbbcbeddaa46a5592c749cf",
        "type": "github"
      },
      "original": {
        "owner": "goromal",
        "repo": "xv-lidar-rs",
        "type": "github"
      }
    }
  },
  "root": "root",
  "version": 7
}
